
Microsoft Visual Studio Solution File, Format Version 12.00
# Visual Studio Version 17
VisualStudioVersion = 17.0.31919.166
MinimumVisualStudioVersion = 10.0.40219.1
Project("{FAE04EC0-301F-11D3-BF4B-00C04F79EFBC}") = "ProjetoPaises", "ProjetoPaises\ProjetoPaises.csproj", "{D1C26BBC-780F-403B-9BCE-B943C70B1291}"
EndProject
Global
	GlobalSection(SolutionConfigurationPlatforms) = preSolution
		Debug|Any CPU = Debug|Any CPU
		Release|Any CPU = Release|Any CPU
	EndGlobalSection
	GlobalSection(ProjectConfigurationPlatforms) = postSolution
		{D1C26BBC-780F-403B-9BCE-B943C70B1291}.Debug|Any CPU.ActiveCfg = Debug|Any CPU
		{D1C26BBC-780F-403B-9BCE-B943C70B1291}.Debug|Any CPU.Build.0 = Debug|Any CPU
		{D1C26BBC-780F-403B-9BCE-B943C70B1291}.Release|Any CPU.ActiveCfg = Release|Any CPU
		{D1C26BBC-780F-403B-9BCE-B943C70B1291}.Release|Any CPU.Build.0 = Release|Any CPU
	EndGlobalSection
	GlobalSection(SolutionProperties) = preSolution
		HideSolutionNode = FALSE
	EndGlobalSection
	GlobalSection(ExtensibilityGlobals) = postSolution
		SolutionGuid = {FAC923AF-DE7E-48AF-A1FC-451C2444B764}
	EndGlobalSection
EndGlobal
